{
  "name": "myproject",
  "version": "1.0.0",
  "lockfileVersion": 1,
  "requires": true,
  "dependencies": {
    "classnames": {
      "version": "2.2.6",
      "resolved": "https://registry.npmjs.org/classnames/-/classnames-2.2.6.tgz",
      "integrity": "sha512-JR/iSQOSt+LQIWwrwEzJ9uk0xfN3mTVYMwt1Ir5mUcSN6pU+V4zQFFaJsclJbPuAUQH+yfWef6tm7l1quW3C8Q==",
      "dev": true
    },
    "detect-element-overflow": {
      "version": "1.1.1",
      "resolved": "https://registry.npmjs.org/detect-element-overflow/-/detect-element-overflow-1.1.1.tgz",
      "integrity": "sha512-07f/EWuaPHU2JqPLg1JPuNaf47h+A5dt70EHO+X+U1zzSuAsgmI5qAU3kP1bCMICYmuvMrcqEZOIxiLB9d8zdg==",
      "dev": true
    },
    "get-user-locale": {
      "version": "1.1.1",
      "resolved": "https://registry.npmjs.org/get-user-locale/-/get-user-locale-1.1.1.tgz",
      "integrity": "sha512-KuA+vMhsY+rSPK8hrmOvf7xXIMTs+L06RkgZ83jawZHSEqPLafZtQ63d3waXW3r8z6EQ49I/trraNncWM+s/2g==",
      "dev": true,
      "requires": {
        "lodash.once": "^4.1.1"
      }
    },
    "js-tokens": {
      "version": "4.0.0",
      "resolved": "https://registry.npmjs.org/js-tokens/-/js-tokens-4.0.0.tgz",
      "integrity": "sha512-RdJUflcE3cUzKiMqQgsCu06FPu9UdIJO0beYbPhHN4k6apgJtifcoCtT9bcxOpYBtpD2kCM6Sbzg4CausW/PKQ==",
      "dev": true
    },
    "lodash.once": {
      "version": "4.1.1",
      "resolved": "https://registry.npmjs.org/lodash.once/-/lodash.once-4.1.1.tgz",
      "integrity": "sha1-DdOXEhPHxW34gJd9UEyI+0cal6w=",
      "dev": true
    },
    "loose-envify": {
      "version": "1.4.0",
      "resolved": "https://registry.npmjs.org/loose-envify/-/loose-envify-1.4.0.tgz",
      "integrity": "sha512-lyuxPGr/Wfhrlem2CL/UcnUc1zcqKAImBDzukY7Y5F/yQiNdko6+fRLevlw1HgMySw7f611UIY408EtxRSoK3Q==",
      "dev": true,
      "requires": {
        "js-tokens": "^3.0.0 || ^4.0.0"
      }
    },
    "merge-class-names": {
      "version": "1.1.1",
      "resolved": "https://registry.npmjs.org/merge-class-names/-/merge-class-names-1.1.1.tgz",
      "integrity": "sha512-+UUWBUoFw9QLY/UlBKU/xk9h6OhyG3BUDDuF2eIJcxmusWb/uedvNpZGkysqMw5b/ds+wkX7NJTDSdUuRsCNyA==",
      "dev": true
    },
    "moment": {
      "version": "1.7.2",
      "resolved": "http://registry.npmjs.org/moment/-/moment-1.7.2.tgz",
      "integrity": "sha1-5mvjRL4unsHRLx4WqMpJv2NBf08=",
      "dev": true
    },
    "moment-datetime": {
      "version": "0.0.2",
      "resolved": "https://registry.npmjs.org/moment-datetime/-/moment-datetime-0.0.2.tgz",
      "integrity": "sha1-TOrClBsukRTmvSxZL2G5MJJv3nE=",
      "dev": true,
      "requires": {
        "moment": "1.7.2"
      }
    },
    "object-assign": {
      "version": "4.1.1",
      "resolved": "https://registry.npmjs.org/object-assign/-/object-assign-4.1.1.tgz",
      "integrity": "sha1-IQmtx5ZYh8/AXLvUQsrIv7s2CGM=",
      "dev": true
    },
    "popper.js": {
      "version": "1.14.4",
      "resolved": "https://registry.npmjs.org/popper.js/-/popper.js-1.14.4.tgz",
      "integrity": "sha1-juwdj/AqWjoVLdQ0FKFce3n9abY=",
      "dev": true
    },
    "prop-types": {
      "version": "15.6.2",
      "resolved": "https://registry.npmjs.org/prop-types/-/prop-types-15.6.2.tgz",
      "integrity": "sha512-3pboPvLiWD7dkI3qf3KbUe6hKFKa52w+AE0VCqECtf+QHAKgOL37tTaNCnuX1nAAQ4ZhyP+kYVKf8rLmJ/feDQ==",
      "dev": true,
      "requires": {
        "loose-envify": "^1.3.1",
        "object-assign": "^4.1.1"
      }
    },
    "react-calendar": {
      "version": "2.17.4",
      "resolved": "https://registry.npmjs.org/react-calendar/-/react-calendar-2.17.4.tgz",
      "integrity": "sha512-rNpq5R6awa3Krb8rcgBsD6/KkGKvAUGL/jcBvO9f3ikzrRAsBPwQrsu7stiahup0khFfAPRNT5DKaMMNS2bAgQ==",
      "dev": true,
      "requires": {
        "get-user-locale": "^1.1.1",
        "merge-class-names": "^1.1.1",
        "prop-types": "^15.6.0",
        "react-lifecycles-compat": "^3.0.4"
      }
    },
    "react-date-picker": {
      "version": "6.12.1",
      "resolved": "https://registry.npmjs.org/react-date-picker/-/react-date-picker-6.12.1.tgz",
      "integrity": "sha512-QAA+genPqrcx8SP4Dzw8FuwNXbxWmzKVuujM5oSuaAbja6ZE3FGUkWrq5+2uI0mlaKeUCDa5gqicekMmZP28yw==",
      "dev": true,
      "requires": {
        "detect-element-overflow": "^1.1.1",
        "get-user-locale": "^1.1.1",
        "merge-class-names": "^1.1.1",
        "prop-types": "^15.6.0",
        "react-calendar": "^2.17.3",
        "react-lifecycles-compat": "^3.0.4"
      }
    },
    "react-datepicker": {
      "version": "1.6.0",
      "resolved": "https://registry.npmjs.org/react-datepicker/-/react-datepicker-1.6.0.tgz",
      "integrity": "sha512-wfFfw3Tn+CCTtP7PPPhSAfkfVT3UTifFb8BmuhtwWKK3g4S83EEPRQE18XFtxd22dKGqp336NVtDTTyUJ1p9+g==",
      "dev": true,
      "requires": {
        "classnames": "^2.2.5",
        "prop-types": "^15.6.0",
        "react-onclickoutside": "^6.7.1",
        "react-popper": "^0.9.1"
      }
    },
    "react-lifecycles-compat": {
      "version": "3.0.4",
      "resolved": "https://registry.npmjs.org/react-lifecycles-compat/-/react-lifecycles-compat-3.0.4.tgz",
      "integrity": "sha512-fBASbA6LnOU9dOU2eW7aQ8xmYBSXUIWr+UmF9b1efZBazGNO+rcXT/icdKnYm2pTwcRylVUYwW7H1PHfLekVzA==",
      "dev": true
    },
    "react-onclickoutside": {
      "version": "6.7.1",
      "resolved": "https://registry.npmjs.org/react-onclickoutside/-/react-onclickoutside-6.7.1.tgz",
      "integrity": "sha512-p84kBqGaMoa7VYT0vZ/aOYRfJB+gw34yjpda1Z5KeLflg70HipZOT+MXQenEhdkPAABuE2Astq4zEPdMqUQxcg==",
      "dev": true
    },
    "react-popper": {
      "version": "0.9.5",
      "resolved": "https://registry.npmjs.org/react-popper/-/react-popper-0.9.5.tgz",
      "integrity": "sha1-AqJO8+7DOvnlToNYq3DrDjMe3QU=",
      "dev": true,
      "requires": {
        "popper.js": "^1.14.1",
        "prop-types": "^15.6.1"
      }
    }
  }
}
